{
  "requires": true,
  "lockfileVersion": 1,
  "dependencies": {
    "postprocessing": {
      "version": "6.17.4",
      "resolved": "https://registry.npmjs.org/postprocessing/-/postprocessing-6.17.4.tgz",
      "integrity": "sha512-rW22ucag46rPfOMKfHjEsUszVYrdvUd3q64muEq8cEqFgQRivmGS43Eijsho16CBigIF7CTb6yxHj5YtC+XCAQ=="
    },
    "three": {
      "version": "0.121.1",
      "resolved": "https://registry.npmjs.org/three/-/three-0.121.1.tgz",
      "integrity": "sha512-+rYhNpW5W1aBdLkPQDld/GA4Sj/uOKJJKVpCAZUbpk/HZEiYRUlPt8+s+9nmxRglWmRHdBa3ERvUwqg4nmoA5w=="
    }
  }
}
